
Microsoft Visual Studio Solution File, Format Version 12.00
# Visual Studio Version 17
VisualStudioVersion = 17.4.33205.214
MinimumVisualStudioVersion = 10.0.40219.1
Project("{FAE04EC0-301F-11D3-BF4B-00C04F79EFBC}") = "API_Tienda", "API_Tienda\API_Tienda.csproj", "{0607A903-C86C-4BAD-83B1-617A06BC6A08}"
EndProject
Project("{2150E333-8FDC-42A3-9474-1A3956D46DE8}") = "Entities", "Entities", "{6B424482-36BC-4377-A0D5-BE59E72F9452}"
EndProject
Project("{FAE04EC0-301F-11D3-BF4B-00C04F79EFBC}") = "Entities", "Entities\Entities.csproj", "{9DCB11C7-C897-4651-94EC-108A7834C553}"
EndProject
Project("{2150E333-8FDC-42A3-9474-1A3956D46DE8}") = "Data", "Data", "{CC44DE90-C6FA-4CBD-A4A7-1B9C102B7555}"
EndProject
Project("{FAE04EC0-301F-11D3-BF4B-00C04F79EFBC}") = "Data", "Data\Data.csproj", "{92D2824E-6D39-48A1-8682-9184486EA6C9}"
EndProject
Project("{2150E333-8FDC-42A3-9474-1A3956D46DE8}") = "Logic", "Logic", "{FF5933AD-35E1-478F-AEFA-209181C666F6}"
EndProject
Project("{2150E333-8FDC-42A3-9474-1A3956D46DE8}") = "Logic", "Logic", "{FCFEFD21-F0E2-463E-8A31-E03BBF42D500}"
EndProject
Project("{FAE04EC0-301F-11D3-BF4B-00C04F79EFBC}") = "Logic", "Logic\Logic.csproj", "{58696F55-D9DB-4DAD-ACB2-96563DCC6B29}"
EndProject
Project("{2150E333-8FDC-42A3-9474-1A3956D46DE8}") = "ILogic", "ILogic", "{D6E90F97-7E07-4F9A-BEDA-3F140324BA36}"
EndProject
Project("{FAE04EC0-301F-11D3-BF4B-00C04F79EFBC}") = "ILogic", "ILogic\ILogic.csproj", "{9D796620-349D-444A-B196-9A76C6600AE3}"
EndProject
Global
	GlobalSection(SolutionConfigurationPlatforms) = preSolution
		Debug|Any CPU = Debug|Any CPU
		Release|Any CPU = Release|Any CPU
	EndGlobalSection
	GlobalSection(ProjectConfigurationPlatforms) = postSolution
		{0607A903-C86C-4BAD-83B1-617A06BC6A08}.Debug|Any CPU.ActiveCfg = Debug|Any CPU
		{0607A903-C86C-4BAD-83B1-617A06BC6A08}.Debug|Any CPU.Build.0 = Debug|Any CPU
		{0607A903-C86C-4BAD-83B1-617A06BC6A08}.Release|Any CPU.ActiveCfg = Release|Any CPU
		{0607A903-C86C-4BAD-83B1-617A06BC6A08}.Release|Any CPU.Build.0 = Release|Any CPU
		{9DCB11C7-C897-4651-94EC-108A7834C553}.Debug|Any CPU.ActiveCfg = Debug|Any CPU
		{9DCB11C7-C897-4651-94EC-108A7834C553}.Debug|Any CPU.Build.0 = Debug|Any CPU
		{9DCB11C7-C897-4651-94EC-108A7834C553}.Release|Any CPU.ActiveCfg = Release|Any CPU
		{9DCB11C7-C897-4651-94EC-108A7834C553}.Release|Any CPU.Build.0 = Release|Any CPU
		{92D2824E-6D39-48A1-8682-9184486EA6C9}.Debug|Any CPU.ActiveCfg = Debug|Any CPU
		{92D2824E-6D39-48A1-8682-9184486EA6C9}.Debug|Any CPU.Build.0 = Debug|Any CPU
		{92D2824E-6D39-48A1-8682-9184486EA6C9}.Release|Any CPU.ActiveCfg = Release|Any CPU
		{92D2824E-6D39-48A1-8682-9184486EA6C9}.Release|Any CPU.Build.0 = Release|Any CPU
		{58696F55-D9DB-4DAD-ACB2-96563DCC6B29}.Debug|Any CPU.ActiveCfg = Debug|Any CPU
		{58696F55-D9DB-4DAD-ACB2-96563DCC6B29}.Debug|Any CPU.Build.0 = Debug|Any CPU
		{58696F55-D9DB-4DAD-ACB2-96563DCC6B29}.Release|Any CPU.ActiveCfg = Release|Any CPU
		{58696F55-D9DB-4DAD-ACB2-96563DCC6B29}.Release|Any CPU.Build.0 = Release|Any CPU
		{9D796620-349D-444A-B196-9A76C6600AE3}.Debug|Any CPU.ActiveCfg = Debug|Any CPU
		{9D796620-349D-444A-B196-9A76C6600AE3}.Debug|Any CPU.Build.0 = Debug|Any CPU
		{9D796620-349D-444A-B196-9A76C6600AE3}.Release|Any CPU.ActiveCfg = Release|Any CPU
		{9D796620-349D-444A-B196-9A76C6600AE3}.Release|Any CPU.Build.0 = Release|Any CPU
	EndGlobalSection
	GlobalSection(SolutionProperties) = preSolution
		HideSolutionNode = FALSE
	EndGlobalSection
	GlobalSection(NestedProjects) = preSolution
		{9DCB11C7-C897-4651-94EC-108A7834C553} = {6B424482-36BC-4377-A0D5-BE59E72F9452}
		{92D2824E-6D39-48A1-8682-9184486EA6C9} = {CC44DE90-C6FA-4CBD-A4A7-1B9C102B7555}
		{FCFEFD21-F0E2-463E-8A31-E03BBF42D500} = {FF5933AD-35E1-478F-AEFA-209181C666F6}
		{58696F55-D9DB-4DAD-ACB2-96563DCC6B29} = {FCFEFD21-F0E2-463E-8A31-E03BBF42D500}
		{D6E90F97-7E07-4F9A-BEDA-3F140324BA36} = {FF5933AD-35E1-478F-AEFA-209181C666F6}
		{9D796620-349D-444A-B196-9A76C6600AE3} = {D6E90F97-7E07-4F9A-BEDA-3F140324BA36}
	EndGlobalSection
	GlobalSection(ExtensibilityGlobals) = postSolution
		SolutionGuid = {CA173F24-04C2-4DFC-B9C7-035B6C4A136B}
	EndGlobalSection
EndGlobal
